
Microsoft Visual Studio Solution File, Format Version 12.00
# Visual Studio Version 16
VisualStudioVersion = 16.0.29326.143
MinimumVisualStudioVersion = 10.0.40219.1
Project("{FAE04EC0-301F-11D3-BF4B-00C04F79EFBC}") = "lab-7a", "lab-7a\lab-7a.csproj", "{E6340161-8750-41FB-AE1F-9E63937550D8}"
EndProject
Global
	GlobalSection(SolutionConfigurationPlatforms) = preSolution
		Debug|Any CPU = Debug|Any CPU
		Release|Any CPU = Release|Any CPU
	EndGlobalSection
	GlobalSection(ProjectConfigurationPlatforms) = postSolution
		{E6340161-8750-41FB-AE1F-9E63937550D8}.Debug|Any CPU.ActiveCfg = Debug|Any CPU
		{E6340161-8750-41FB-AE1F-9E63937550D8}.Debug|Any CPU.Build.0 = Debug|Any CPU
		{E6340161-8750-41FB-AE1F-9E63937550D8}.Release|Any CPU.ActiveCfg = Release|Any CPU
		{E6340161-8750-41FB-AE1F-9E63937550D8}.Release|Any CPU.Build.0 = Release|Any CPU
	EndGlobalSection
	GlobalSection(SolutionProperties) = preSolution
		HideSolutionNode = FALSE
	EndGlobalSection
	GlobalSection(ExtensibilityGlobals) = postSolution
		SolutionGuid = {E7B2996F-07DD-4A93-8111-0FD60BC12941}
	EndGlobalSection
EndGlobal
