
Microsoft Visual Studio Solution File, Format Version 12.00
# Visual Studio Version 16
VisualStudioVersion = 16.0.29326.143
MinimumVisualStudioVersion = 10.0.40219.1
Project("{FAE04EC0-301F-11D3-BF4B-00C04F79EFBC}") = "lab-3d", "lab-3d\lab-3d.csproj", "{ECA6BA40-7D8B-48F2-AB3A-70E2367736B9}"
EndProject
Global
	GlobalSection(SolutionConfigurationPlatforms) = preSolution
		Debug|Any CPU = Debug|Any CPU
		Release|Any CPU = Release|Any CPU
	EndGlobalSection
	GlobalSection(ProjectConfigurationPlatforms) = postSolution
		{ECA6BA40-7D8B-48F2-AB3A-70E2367736B9}.Debug|Any CPU.ActiveCfg = Debug|Any CPU
		{ECA6BA40-7D8B-48F2-AB3A-70E2367736B9}.Debug|Any CPU.Build.0 = Debug|Any CPU
		{ECA6BA40-7D8B-48F2-AB3A-70E2367736B9}.Release|Any CPU.ActiveCfg = Release|Any CPU
		{ECA6BA40-7D8B-48F2-AB3A-70E2367736B9}.Release|Any CPU.Build.0 = Release|Any CPU
	EndGlobalSection
	GlobalSection(SolutionProperties) = preSolution
		HideSolutionNode = FALSE
	EndGlobalSection
	GlobalSection(ExtensibilityGlobals) = postSolution
		SolutionGuid = {A46A7427-5047-4772-8A71-5D21B17502F9}
	EndGlobalSection
EndGlobal
