
Microsoft Visual Studio Solution File, Format Version 12.00
# Visual Studio Version 16
VisualStudioVersion = 16.0.29326.143
MinimumVisualStudioVersion = 10.0.40219.1
Project("{FAE04EC0-301F-11D3-BF4B-00C04F79EFBC}") = "lab-3g", "lab-3g\lab-3g.csproj", "{14817A6A-C208-4F51-BB69-4C01FA86AD3F}"
EndProject
Global
	GlobalSection(SolutionConfigurationPlatforms) = preSolution
		Debug|Any CPU = Debug|Any CPU
		Release|Any CPU = Release|Any CPU
	EndGlobalSection
	GlobalSection(ProjectConfigurationPlatforms) = postSolution
		{14817A6A-C208-4F51-BB69-4C01FA86AD3F}.Debug|Any CPU.ActiveCfg = Debug|Any CPU
		{14817A6A-C208-4F51-BB69-4C01FA86AD3F}.Debug|Any CPU.Build.0 = Debug|Any CPU
		{14817A6A-C208-4F51-BB69-4C01FA86AD3F}.Release|Any CPU.ActiveCfg = Release|Any CPU
		{14817A6A-C208-4F51-BB69-4C01FA86AD3F}.Release|Any CPU.Build.0 = Release|Any CPU
	EndGlobalSection
	GlobalSection(SolutionProperties) = preSolution
		HideSolutionNode = FALSE
	EndGlobalSection
	GlobalSection(ExtensibilityGlobals) = postSolution
		SolutionGuid = {67226EFA-92C2-4D63-9FA8-6568665AB623}
	EndGlobalSection
EndGlobal
