
Microsoft Visual Studio Solution File, Format Version 12.00
# Visual Studio Version 16
VisualStudioVersion = 16.0.29326.143
MinimumVisualStudioVersion = 10.0.40219.1
Project("{FAE04EC0-301F-11D3-BF4B-00C04F79EFBC}") = "lab-1a", "lab-1a\lab-1a.csproj", "{6301278F-7D34-452F-B185-77D3D60DBD6E}"
EndProject
Global
	GlobalSection(SolutionConfigurationPlatforms) = preSolution
		Debug|Any CPU = Debug|Any CPU
		Release|Any CPU = Release|Any CPU
	EndGlobalSection
	GlobalSection(ProjectConfigurationPlatforms) = postSolution
		{6301278F-7D34-452F-B185-77D3D60DBD6E}.Debug|Any CPU.ActiveCfg = Debug|Any CPU
		{6301278F-7D34-452F-B185-77D3D60DBD6E}.Debug|Any CPU.Build.0 = Debug|Any CPU
		{6301278F-7D34-452F-B185-77D3D60DBD6E}.Release|Any CPU.ActiveCfg = Release|Any CPU
		{6301278F-7D34-452F-B185-77D3D60DBD6E}.Release|Any CPU.Build.0 = Release|Any CPU
	EndGlobalSection
	GlobalSection(SolutionProperties) = preSolution
		HideSolutionNode = FALSE
	EndGlobalSection
	GlobalSection(ExtensibilityGlobals) = postSolution
		SolutionGuid = {C55642D9-D679-4B05-A91A-471CA77CBCA6}
	EndGlobalSection
EndGlobal
