
Microsoft Visual Studio Solution File, Format Version 12.00
# Visual Studio Version 16
VisualStudioVersion = 16.0.29326.143
MinimumVisualStudioVersion = 10.0.40219.1
Project("{FAE04EC0-301F-11D3-BF4B-00C04F79EFBC}") = "lab-1a-client", "lab-1a-client\lab-1a-client.csproj", "{9BBD56E4-4FEB-4702-AEFC-7086B7723DC1}"
EndProject
Global
	GlobalSection(SolutionConfigurationPlatforms) = preSolution
		Debug|Any CPU = Debug|Any CPU
		Release|Any CPU = Release|Any CPU
	EndGlobalSection
	GlobalSection(ProjectConfigurationPlatforms) = postSolution
		{9BBD56E4-4FEB-4702-AEFC-7086B7723DC1}.Debug|Any CPU.ActiveCfg = Debug|Any CPU
		{9BBD56E4-4FEB-4702-AEFC-7086B7723DC1}.Debug|Any CPU.Build.0 = Debug|Any CPU
		{9BBD56E4-4FEB-4702-AEFC-7086B7723DC1}.Release|Any CPU.ActiveCfg = Release|Any CPU
		{9BBD56E4-4FEB-4702-AEFC-7086B7723DC1}.Release|Any CPU.Build.0 = Release|Any CPU
	EndGlobalSection
	GlobalSection(SolutionProperties) = preSolution
		HideSolutionNode = FALSE
	EndGlobalSection
	GlobalSection(ExtensibilityGlobals) = postSolution
		SolutionGuid = {D1902ADF-216E-4B95-B7FD-8962A5B9B86C}
	EndGlobalSection
EndGlobal
